
Microsoft Visual Studio Solution File, Format Version 12.00
# Visual Studio 15
VisualStudioVersion = 15.0.26730.16
MinimumVisualStudioVersion = 10.0.40219.1
Project("{FAE04EC0-301F-11D3-BF4B-00C04F79EFBC}") = "FirstProjectAlejandro", "FirstProjectAlejandro\FirstProjectAlejandro.csproj", "{869A8E6B-7F79-4A7E-B2FD-3066DAA275CB}"
EndProject
Global
	GlobalSection(SolutionConfigurationPlatforms) = preSolution
		Debug|Any CPU = Debug|Any CPU
		Release|Any CPU = Release|Any CPU
	EndGlobalSection
	GlobalSection(ProjectConfigurationPlatforms) = postSolution
		{869A8E6B-7F79-4A7E-B2FD-3066DAA275CB}.Debug|Any CPU.ActiveCfg = Debug|Any CPU
		{869A8E6B-7F79-4A7E-B2FD-3066DAA275CB}.Debug|Any CPU.Build.0 = Debug|Any CPU
		{869A8E6B-7F79-4A7E-B2FD-3066DAA275CB}.Release|Any CPU.ActiveCfg = Release|Any CPU
		{869A8E6B-7F79-4A7E-B2FD-3066DAA275CB}.Release|Any CPU.Build.0 = Release|Any CPU
	EndGlobalSection
	GlobalSection(SolutionProperties) = preSolution
		HideSolutionNode = FALSE
	EndGlobalSection
	GlobalSection(ExtensibilityGlobals) = postSolution
		SolutionGuid = {D882B8F2-1B3D-4017-9F42-2C4FACAB8A76}
	EndGlobalSection
EndGlobal
